
Microsoft Visual Studio Solution File, Format Version 12.00
# Visual Studio Version 17
VisualStudioVersion = 17.4.33110.190
MinimumVisualStudioVersion = 10.0.40219.1
Project("{FAE04EC0-301F-11D3-BF4B-00C04F79EFBC}") = "Virtual Piano.Elements", "Virtual Piano.Elements\Virtual Piano.Elements.csproj", "{13D38CDF-15B0-4127-B039-CFF47406C450}"
EndProject
Project("{FAE04EC0-301F-11D3-BF4B-00C04F79EFBC}") = "Virtual Piano", "Virtual Piano\Virtual Piano.csproj", "{2F89E716-6120-4377-A653-D3B9BFEA9BB8}"
EndProject
Project("{FAE04EC0-301F-11D3-BF4B-00C04F79EFBC}") = "Virtual Piano.TestApp", "Virtual Piano.TestApp\Virtual Piano.TestApp.csproj", "{4D259D81-D8A3-4ED6-B347-213037A07F34}"
EndProject
Project("{2150E333-8FDC-42A3-9474-1A3956D46DE8}") = "Root", "Root", "{9726FEB8-A7FF-4DDC-A6A1-32854DDCBC62}"
	ProjectSection(SolutionItems) = preProject
		LICENSE = LICENSE
		README-EN.md = README-EN.md
		README-ZH.md = README-ZH.md
		README.md = README.md
	EndProjectSection
EndProject
Project("{2150E333-8FDC-42A3-9474-1A3956D46DE8}") = "ScreenShot", "ScreenShot", "{BAA1F3F2-A95D-4556-9231-4654E07FECD8}"
	ProjectSection(SolutionItems) = preProject
		ScreenShot\logo.png = ScreenShot\logo.png
	EndProjectSection
EndProject
Project("{FAE04EC0-301F-11D3-BF4B-00C04F79EFBC}") = "Virtual Piano.Midi.Controls", "Virtual Piano.Midi.Controls\Virtual Piano.Midi.Controls.csproj", "{E17BFD86-0726-4C0A-AAFE-5B5DEAD05956}"
EndProject
Project("{FAE04EC0-301F-11D3-BF4B-00C04F79EFBC}") = "Virtual Piano.Midi", "Virtual Piano.Midi\Virtual Piano.Midi.csproj", "{7F632B4A-9FA1-4842-942F-49274BBDBE61}"
EndProject
Global
	GlobalSection(SolutionConfigurationPlatforms) = preSolution
		Debug|Any CPU = Debug|Any CPU
		Debug|ARM = Debug|ARM
		Debug|ARM64 = Debug|ARM64
		Debug|x64 = Debug|x64
		Debug|x86 = Debug|x86
		Release|Any CPU = Release|Any CPU
		Release|ARM = Release|ARM
		Release|ARM64 = Release|ARM64
		Release|x64 = Release|x64
		Release|x86 = Release|x86
	EndGlobalSection
	GlobalSection(ProjectConfigurationPlatforms) = postSolution
		{13D38CDF-15B0-4127-B039-CFF47406C450}.Debug|Any CPU.ActiveCfg = Debug|Any CPU
		{13D38CDF-15B0-4127-B039-CFF47406C450}.Debug|Any CPU.Build.0 = Debug|Any CPU
		{13D38CDF-15B0-4127-B039-CFF47406C450}.Debug|ARM.ActiveCfg = Debug|ARM
		{13D38CDF-15B0-4127-B039-CFF47406C450}.Debug|ARM.Build.0 = Debug|ARM
		{13D38CDF-15B0-4127-B039-CFF47406C450}.Debug|ARM64.ActiveCfg = Debug|ARM64
		{13D38CDF-15B0-4127-B039-CFF47406C450}.Debug|ARM64.Build.0 = Debug|ARM64
		{13D38CDF-15B0-4127-B039-CFF47406C450}.Debug|x64.ActiveCfg = Debug|x64
		{13D38CDF-15B0-4127-B039-CFF47406C450}.Debug|x64.Build.0 = Debug|x64
		{13D38CDF-15B0-4127-B039-CFF47406C450}.Debug|x86.ActiveCfg = Debug|x86
		{13D38CDF-15B0-4127-B039-CFF47406C450}.Debug|x86.Build.0 = Debug|x86
		{13D38CDF-15B0-4127-B039-CFF47406C450}.Release|Any CPU.ActiveCfg = Release|Any CPU
		{13D38CDF-15B0-4127-B039-CFF47406C450}.Release|Any CPU.Build.0 = Release|Any CPU
		{13D38CDF-15B0-4127-B039-CFF47406C450}.Release|ARM.ActiveCfg = Release|ARM
		{13D38CDF-15B0-4127-B039-CFF47406C450}.Release|ARM.Build.0 = Release|ARM
		{13D38CDF-15B0-4127-B039-CFF47406C450}.Release|ARM64.ActiveCfg = Release|ARM64
		{13D38CDF-15B0-4127-B039-CFF47406C450}.Release|ARM64.Build.0 = Release|ARM64
		{13D38CDF-15B0-4127-B039-CFF47406C450}.Release|x64.ActiveCfg = Release|x64
		{13D38CDF-15B0-4127-B039-CFF47406C450}.Release|x64.Build.0 = Release|x64
		{13D38CDF-15B0-4127-B039-CFF47406C450}.Release|x86.ActiveCfg = Release|x86
		{13D38CDF-15B0-4127-B039-CFF47406C450}.Release|x86.Build.0 = Release|x86
		{2F89E716-6120-4377-A653-D3B9BFEA9BB8}.Debug|Any CPU.ActiveCfg = Debug|x64
		{2F89E716-6120-4377-A653-D3B9BFEA9BB8}.Debug|Any CPU.Build.0 = Debug|x64
		{2F89E716-6120-4377-A653-D3B9BFEA9BB8}.Debug|Any CPU.Deploy.0 = Debug|x64
		{2F89E716-6120-4377-A653-D3B9BFEA9BB8}.Debug|ARM.ActiveCfg = Debug|ARM
		{2F89E716-6120-4377-A653-D3B9BFEA9BB8}.Debug|ARM.Build.0 = Debug|ARM
		{2F89E716-6120-4377-A653-D3B9BFEA9BB8}.Debug|ARM.Deploy.0 = Debug|ARM
		{2F89E716-6120-4377-A653-D3B9BFEA9BB8}.Debug|ARM64.ActiveCfg = Debug|ARM64
		{2F89E716-6120-4377-A653-D3B9BFEA9BB8}.Debug|ARM64.Build.0 = Debug|ARM64
		{2F89E716-6120-4377-A653-D3B9BFEA9BB8}.Debug|ARM64.Deploy.0 = Debug|ARM64
		{2F89E716-6120-4377-A653-D3B9BFEA9BB8}.Debug|x64.ActiveCfg = Debug|x64
		{2F89E716-6120-4377-A653-D3B9BFEA9BB8}.Debug|x64.Build.0 = Debug|x64
		{2F89E716-6120-4377-A653-D3B9BFEA9BB8}.Debug|x64.Deploy.0 = Debug|x64
		{2F89E716-6120-4377-A653-D3B9BFEA9BB8}.Debug|x86.ActiveCfg = Debug|x86
		{2F89E716-6120-4377-A653-D3B9BFEA9BB8}.Debug|x86.Build.0 = Debug|x86
		{2F89E716-6120-4377-A653-D3B9BFEA9BB8}.Debug|x86.Deploy.0 = Debug|x86
		{2F89E716-6120-4377-A653-D3B9BFEA9BB8}.Release|Any CPU.ActiveCfg = Release|x64
		{2F89E716-6120-4377-A653-D3B9BFEA9BB8}.Release|Any CPU.Build.0 = Release|x64
		{2F89E716-6120-4377-A653-D3B9BFEA9BB8}.Release|Any CPU.Deploy.0 = Release|x64
		{2F89E716-6120-4377-A653-D3B9BFEA9BB8}.Release|ARM.ActiveCfg = Release|ARM
		{2F89E716-6120-4377-A653-D3B9BFEA9BB8}.Release|ARM.Build.0 = Release|ARM
		{2F89E716-6120-4377-A653-D3B9BFEA9BB8}.Release|ARM.Deploy.0 = Release|ARM
		{2F89E716-6120-4377-A653-D3B9BFEA9BB8}.Release|ARM64.ActiveCfg = Release|ARM64
		{2F89E716-6120-4377-A653-D3B9BFEA9BB8}.Release|ARM64.Build.0 = Release|ARM64
		{2F89E716-6120-4377-A653-D3B9BFEA9BB8}.Release|ARM64.Deploy.0 = Release|ARM64
		{2F89E716-6120-4377-A653-D3B9BFEA9BB8}.Release|x64.ActiveCfg = Release|x64
		{2F89E716-6120-4377-A653-D3B9BFEA9BB8}.Release|x64.Build.0 = Release|x64
		{2F89E716-6120-4377-A653-D3B9BFEA9BB8}.Release|x64.Deploy.0 = Release|x64
		{2F89E716-6120-4377-A653-D3B9BFEA9BB8}.Release|x86.ActiveCfg = Release|x86
		{2F89E716-6120-4377-A653-D3B9BFEA9BB8}.Release|x86.Build.0 = Release|x86
		{2F89E716-6120-4377-A653-D3B9BFEA9BB8}.Release|x86.Deploy.0 = Release|x86
		{4D259D81-D8A3-4ED6-B347-213037A07F34}.Debug|Any CPU.ActiveCfg = Debug|x64
		{4D259D81-D8A3-4ED6-B347-213037A07F34}.Debug|Any CPU.Build.0 = Debug|x64
		{4D259D81-D8A3-4ED6-B347-213037A07F34}.Debug|Any CPU.Deploy.0 = Debug|x64
		{4D259D81-D8A3-4ED6-B347-213037A07F34}.Debug|ARM.ActiveCfg = Debug|ARM
		{4D259D81-D8A3-4ED6-B347-213037A07F34}.Debug|ARM.Build.0 = Debug|ARM
		{4D259D81-D8A3-4ED6-B347-213037A07F34}.Debug|ARM.Deploy.0 = Debug|ARM
		{4D259D81-D8A3-4ED6-B347-213037A07F34}.Debug|ARM64.ActiveCfg = Debug|ARM64
		{4D259D81-D8A3-4ED6-B347-213037A07F34}.Debug|ARM64.Build.0 = Debug|ARM64
		{4D259D81-D8A3-4ED6-B347-213037A07F34}.Debug|ARM64.Deploy.0 = Debug|ARM64
		{4D259D81-D8A3-4ED6-B347-213037A07F34}.Debug|x64.ActiveCfg = Debug|x64
		{4D259D81-D8A3-4ED6-B347-213037A07F34}.Debug|x64.Build.0 = Debug|x64
		{4D259D81-D8A3-4ED6-B347-213037A07F34}.Debug|x64.Deploy.0 = Debug|x64
		{4D259D81-D8A3-4ED6-B347-213037A07F34}.Debug|x86.ActiveCfg = Debug|x86
		{4D259D81-D8A3-4ED6-B347-213037A07F34}.Debug|x86.Build.0 = Debug|x86
		{4D259D81-D8A3-4ED6-B347-213037A07F34}.Debug|x86.Deploy.0 = Debug|x86
		{4D259D81-D8A3-4ED6-B347-213037A07F34}.Release|Any CPU.ActiveCfg = Release|x64
		{4D259D81-D8A3-4ED6-B347-213037A07F34}.Release|Any CPU.Build.0 = Release|x64
		{4D259D81-D8A3-4ED6-B347-213037A07F34}.Release|Any CPU.Deploy.0 = Release|x64
		{4D259D81-D8A3-4ED6-B347-213037A07F34}.Release|ARM.ActiveCfg = Release|ARM
		{4D259D81-D8A3-4ED6-B347-213037A07F34}.Release|ARM.Build.0 = Release|ARM
		{4D259D81-D8A3-4ED6-B347-213037A07F34}.Release|ARM.Deploy.0 = Release|ARM
		{4D259D81-D8A3-4ED6-B347-213037A07F34}.Release|ARM64.ActiveCfg = Release|ARM64
		{4D259D81-D8A3-4ED6-B347-213037A07F34}.Release|ARM64.Build.0 = Release|ARM64
		{4D259D81-D8A3-4ED6-B347-213037A07F34}.Release|ARM64.Deploy.0 = Release|ARM64
		{4D259D81-D8A3-4ED6-B347-213037A07F34}.Release|x64.ActiveCfg = Release|x64
		{4D259D81-D8A3-4ED6-B347-213037A07F34}.Release|x64.Build.0 = Release|x64
		{4D259D81-D8A3-4ED6-B347-213037A07F34}.Release|x64.Deploy.0 = Release|x64
		{4D259D81-D8A3-4ED6-B347-213037A07F34}.Release|x86.ActiveCfg = Release|x86
		{4D259D81-D8A3-4ED6-B347-213037A07F34}.Release|x86.Build.0 = Release|x86
		{4D259D81-D8A3-4ED6-B347-213037A07F34}.Release|x86.Deploy.0 = Release|x86
		{E17BFD86-0726-4C0A-AAFE-5B5DEAD05956}.Debug|Any CPU.ActiveCfg = Debug|Any CPU
		{E17BFD86-0726-4C0A-AAFE-5B5DEAD05956}.Debug|Any CPU.Build.0 = Debug|Any CPU
		{E17BFD86-0726-4C0A-AAFE-5B5DEAD05956}.Debug|ARM.ActiveCfg = Debug|ARM
		{E17BFD86-0726-4C0A-AAFE-5B5DEAD05956}.Debug|ARM.Build.0 = Debug|ARM
		{E17BFD86-0726-4C0A-AAFE-5B5DEAD05956}.Debug|ARM64.ActiveCfg = Debug|ARM64
		{E17BFD86-0726-4C0A-AAFE-5B5DEAD05956}.Debug|ARM64.Build.0 = Debug|ARM64
		{E17BFD86-0726-4C0A-AAFE-5B5DEAD05956}.Debug|x64.ActiveCfg = Debug|x64
		{E17BFD86-0726-4C0A-AAFE-5B5DEAD05956}.Debug|x64.Build.0 = Debug|x64
		{E17BFD86-0726-4C0A-AAFE-5B5DEAD05956}.Debug|x86.ActiveCfg = Debug|x86
		{E17BFD86-0726-4C0A-AAFE-5B5DEAD05956}.Debug|x86.Build.0 = Debug|x86
		{E17BFD86-0726-4C0A-AAFE-5B5DEAD05956}.Release|Any CPU.ActiveCfg = Release|Any CPU
		{E17BFD86-0726-4C0A-AAFE-5B5DEAD05956}.Release|Any CPU.Build.0 = Release|Any CPU
		{E17BFD86-0726-4C0A-AAFE-5B5DEAD05956}.Release|ARM.ActiveCfg = Release|ARM
		{E17BFD86-0726-4C0A-AAFE-5B5DEAD05956}.Release|ARM.Build.0 = Release|ARM
		{E17BFD86-0726-4C0A-AAFE-5B5DEAD05956}.Release|ARM64.ActiveCfg = Release|ARM64
		{E17BFD86-0726-4C0A-AAFE-5B5DEAD05956}.Release|ARM64.Build.0 = Release|ARM64
		{E17BFD86-0726-4C0A-AAFE-5B5DEAD05956}.Release|x64.ActiveCfg = Release|x64
		{E17BFD86-0726-4C0A-AAFE-5B5DEAD05956}.Release|x64.Build.0 = Release|x64
		{E17BFD86-0726-4C0A-AAFE-5B5DEAD05956}.Release|x86.ActiveCfg = Release|x86
		{E17BFD86-0726-4C0A-AAFE-5B5DEAD05956}.Release|x86.Build.0 = Release|x86
		{7F632B4A-9FA1-4842-942F-49274BBDBE61}.Debug|Any CPU.ActiveCfg = Debug|Any CPU
		{7F632B4A-9FA1-4842-942F-49274BBDBE61}.Debug|Any CPU.Build.0 = Debug|Any CPU
		{7F632B4A-9FA1-4842-942F-49274BBDBE61}.Debug|ARM.ActiveCfg = Debug|ARM
		{7F632B4A-9FA1-4842-942F-49274BBDBE61}.Debug|ARM.Build.0 = Debug|ARM
		{7F632B4A-9FA1-4842-942F-49274BBDBE61}.Debug|ARM64.ActiveCfg = Debug|ARM64
		{7F632B4A-9FA1-4842-942F-49274BBDBE61}.Debug|ARM64.Build.0 = Debug|ARM64
		{7F632B4A-9FA1-4842-942F-49274BBDBE61}.Debug|x64.ActiveCfg = Debug|x64
		{7F632B4A-9FA1-4842-942F-49274BBDBE61}.Debug|x64.Build.0 = Debug|x64
		{7F632B4A-9FA1-4842-942F-49274BBDBE61}.Debug|x86.ActiveCfg = Debug|x86
		{7F632B4A-9FA1-4842-942F-49274BBDBE61}.Debug|x86.Build.0 = Debug|x86
		{7F632B4A-9FA1-4842-942F-49274BBDBE61}.Release|Any CPU.ActiveCfg = Release|Any CPU
		{7F632B4A-9FA1-4842-942F-49274BBDBE61}.Release|Any CPU.Build.0 = Release|Any CPU
		{7F632B4A-9FA1-4842-942F-49274BBDBE61}.Release|ARM.ActiveCfg = Release|ARM
		{7F632B4A-9FA1-4842-942F-49274BBDBE61}.Release|ARM.Build.0 = Release|ARM
		{7F632B4A-9FA1-4842-942F-49274BBDBE61}.Release|ARM64.ActiveCfg = Release|ARM64
		{7F632B4A-9FA1-4842-942F-49274BBDBE61}.Release|ARM64.Build.0 = Release|ARM64
		{7F632B4A-9FA1-4842-942F-49274BBDBE61}.Release|x64.ActiveCfg = Release|x64
		{7F632B4A-9FA1-4842-942F-49274BBDBE61}.Release|x64.Build.0 = Release|x64
		{7F632B4A-9FA1-4842-942F-49274BBDBE61}.Release|x86.ActiveCfg = Release|x86
		{7F632B4A-9FA1-4842-942F-49274BBDBE61}.Release|x86.Build.0 = Release|x86
	EndGlobalSection
	GlobalSection(SolutionProperties) = preSolution
		HideSolutionNode = FALSE
	EndGlobalSection
	GlobalSection(NestedProjects) = preSolution
		{BAA1F3F2-A95D-4556-9231-4654E07FECD8} = {9726FEB8-A7FF-4DDC-A6A1-32854DDCBC62}
	EndGlobalSection
	GlobalSection(ExtensibilityGlobals) = postSolution
		SolutionGuid = {38DCA918-A9EF-40BF-8AED-33FA861F1B53}
	EndGlobalSection
EndGlobal
